
Microsoft Visual Studio Solution File, Format Version 12.00
# Visual Studio Version 16
VisualStudioVersion = 16.0.29006.145
MinimumVisualStudioVersion = 10.0.40219.1
Project("{FAE04EC0-301F-11D3-BF4B-00C04F79EFBC}") = "LeetCode", "LeetCode\LeetCode.csproj", "{C951A696-BB68-40E4-952D-D4949EF0A4FB}"
EndProject
Global
	GlobalSection(SolutionConfigurationPlatforms) = preSolution
		Debug|Any CPU = Debug|Any CPU
		Release|Any CPU = Release|Any CPU
	EndGlobalSection
	GlobalSection(ProjectConfigurationPlatforms) = postSolution
		{C951A696-BB68-40E4-952D-D4949EF0A4FB}.Debug|Any CPU.ActiveCfg = Debug|Any CPU
		{C951A696-BB68-40E4-952D-D4949EF0A4FB}.Debug|Any CPU.Build.0 = Debug|Any CPU
		{C951A696-BB68-40E4-952D-D4949EF0A4FB}.Release|Any CPU.ActiveCfg = Release|Any CPU
		{C951A696-BB68-40E4-952D-D4949EF0A4FB}.Release|Any CPU.Build.0 = Release|Any CPU
	EndGlobalSection
	GlobalSection(SolutionProperties) = preSolution
		HideSolutionNode = FALSE
	EndGlobalSection
	GlobalSection(ExtensibilityGlobals) = postSolution
		SolutionGuid = {641D6996-C696-43A3-9D75-931A3E12F0D4}
	EndGlobalSection
EndGlobal
